
Microsoft Visual Studio Solution File, Format Version 12.00
# Visual Studio Version 16
VisualStudioVersion = 16.0.809.4
MinimumVisualStudioVersion = 10.0.40219.1
Project("{FAE04EC0-301F-11D3-BF4B-00C04F79EFBC}") = "WavePayroll", "WavePayroll\WavePayroll.csproj", "{08C1F30C-17F0-4FA7-A7A5-77FB5EA7432A}"
EndProject
Global
	GlobalSection(SolutionConfigurationPlatforms) = preSolution
		Debug|Any CPU = Debug|Any CPU
		Release|Any CPU = Release|Any CPU
	EndGlobalSection
	GlobalSection(ProjectConfigurationPlatforms) = postSolution
		{08C1F30C-17F0-4FA7-A7A5-77FB5EA7432A}.Debug|Any CPU.ActiveCfg = Debug|Any CPU
		{08C1F30C-17F0-4FA7-A7A5-77FB5EA7432A}.Debug|Any CPU.Build.0 = Debug|Any CPU
		{08C1F30C-17F0-4FA7-A7A5-77FB5EA7432A}.Release|Any CPU.ActiveCfg = Release|Any CPU
		{08C1F30C-17F0-4FA7-A7A5-77FB5EA7432A}.Release|Any CPU.Build.0 = Release|Any CPU
	EndGlobalSection
	GlobalSection(SolutionProperties) = preSolution
		HideSolutionNode = FALSE
	EndGlobalSection
	GlobalSection(ExtensibilityGlobals) = postSolution
		SolutionGuid = {D38587D3-FDC3-47C2-9418-465E78B7FAC1}
	EndGlobalSection
EndGlobal
